
Microsoft Visual Studio Solution File, Format Version 12.00
Project("{FAE04EC0-301F-11D3-BF4B-00C04F79EFBC}") = "M2I_FirstAspNetApp", "M2I_FirstAspNetApp\M2I_FirstAspNetApp.csproj", "{57B92266-3AED-4F33-989D-BF63CEA12225}"
EndProject
Global
	GlobalSection(SolutionConfigurationPlatforms) = preSolution
		Debug|Any CPU = Debug|Any CPU
		Release|Any CPU = Release|Any CPU
	EndGlobalSection
	GlobalSection(ProjectConfigurationPlatforms) = postSolution
		{57B92266-3AED-4F33-989D-BF63CEA12225}.Debug|Any CPU.ActiveCfg = Debug|Any CPU
		{57B92266-3AED-4F33-989D-BF63CEA12225}.Debug|Any CPU.Build.0 = Debug|Any CPU
		{57B92266-3AED-4F33-989D-BF63CEA12225}.Release|Any CPU.ActiveCfg = Release|Any CPU
		{57B92266-3AED-4F33-989D-BF63CEA12225}.Release|Any CPU.Build.0 = Release|Any CPU
	EndGlobalSection
EndGlobal
